github.com/dillonzq/LoveIt v0.3.1 h1:IFFjUHhp5wRNDiPuEsPLGlR/lZtPTHqbI3qIzghzbJI=
github.com/dillonzq/LoveIt v0.3.1/go.mod h1:6IBQv4PKou3cERt0xcxud81O793taOmJqYKXn1eNPB4=
github.com/dillonzq/LoveIt v0.3.2-0.20260226011553-a1c3e9e008ba h1:lI5ZgmzYe/6+ceWGzZQytS2FLda+ccaeUK60nmksU9o=
github.com/dillonzq/LoveIt v0.3.2-0.20260226011553-a1c3e9e008ba/go.mod h1:6IBQv4PKou3cERt0xcxud81O793taOmJqYKXn1eNPB4=
